// !$*UTF8*$!
{
	archiveVersion = 1;
	classes = {
	};
	objectVersion = 60;
	objects = {

/* Begin PBXBuildFile section */
		6FBBCD652C44A53200A607A7 /* AppDelegate.swift in Sources */ = {isa = PBXBuildFile; fileRef = 6FBBCD642C44A53200A607A7 /* AppDelegate.swift */; };
		6FBBCD672C44A53200A607A7 /* SceneDelegate.swift in Sources */ = {isa = PBXBuildFile; fileRef = 6FBBCD662C44A53200A607A7 /* SceneDelegate.swift */; };
		6FBBCD692C44A53200A607A7 /* ViewController.swift in Sources */ = {isa = PBXBuildFile; fileRef = 6FBBCD682C44A53200A607A7 /* ViewController.swift */; };
		6FBBCD6C2C44A53200A607A7 /* Base in Resources */ = {isa = PBXBuildFile; fileRef = 6FBBCD6B2C44A53200A607A7 /* Base */; };
		6FBBCD6E2C44A53300A607A7 /* Assets.xcassets in Resources */ = {isa = PBXBuildFile; fileRef = 6FBBCD6D2C44A53300A607A7 /* Assets.xcassets */; };
		6FBBCD712C44A53300A607A7 /* Base in Resources */ = {isa = PBXBuildFile; fileRef = 6FBBCD702C44A53300A607A7 /* Base */; };
		6FBBCD7C2C44A53300A607A7 /* App_PostTests.swift in Sources */ = {isa = PBXBuildFile; fileRef = 6FBBCD7B2C44A53300A607A7 /* App_PostTests.swift */; };
		6FBBCD862C44A53300A607A7 /* App_PostUITests.swift in Sources */ = {isa = PBXBuildFile; fileRef = 6FBBCD852C44A53300A607A7 /* App_PostUITests.swift */; };
		6FBBCD882C44A53300A607A7 /* App_PostUITestsLaunchTests.swift in Sources */ = {isa = PBXBuildFile; fileRef = 6FBBCD872C44A53300A607A7 /* App_PostUITestsLaunchTests.swift */; };
/* End PBXBuildFile section */

/* Begin PBXContainerItemProxy section */
		6FBBCD782C44A53300A607A7 /* PBXContainerItemProxy */ = {
			isa = PBXContainerItemProxy;
			containerPortal = 6FBBCD592C44A53200A607A7 /* Project object */;
			proxyType = 1;
			remoteGlobalIDString = 6FBBCD602C44A53200A607A7;
			remoteInfo = "App Post";
		};
		6FBBCD822C44A53300A607A7 /* PBXContainerItemProxy */ = {
			isa = PBXContainerItemProxy;
			containerPortal = 6FBBCD592C44A53200A607A7 /* Project object */;
			proxyType = 1;
			remoteGlobalIDString = 6FBBCD602C44A53200A607A7;
			remoteInfo = "App Post";
		};
/* End PBXContainerItemProxy section */

/* Begin PBXFileReference section */
		6FBBCD612C44A53200A607A7 /* App Post.app */ = {isa = PBXFileReference; explicitFileType = wrapper.application; includeInIndex = 0; path = "App Post.app"; sourceTree = BUILT_PRODUCTS_DIR; };
		6FBBCD642C44A53200A607A7 /* AppDelegate.swift */ = {isa = PBXFileReference; lastKnownFileType = sourcecode.swift; path = AppDelegate.swift; sourceTree = "<group>"; };
		6FBBCD662C44A53200A607A7 /* SceneDelegate.swift */ = {isa = PBXFileReference; lastKnownFileType = sourcecode.swift; path = SceneDelegate.swift; sourceTree = "<group>"; };
		6FBBCD682C44A53200A607A7 /* ViewController.swift */ = {isa = PBXFileReference; lastKnownFileType = sourcecode.swift; path = ViewController.swift; sourceTree = "<group>"; };
		6FBBCD6B2C44A53200A607A7 /* Base */ = {isa = PBXFileReference; lastKnownFileType = file.storyboard; name = Base; path = Base.lproj/Main.storyboard; sourceTree = "<group>"; };
		6FBBCD6D2C44A53300A607A7 /* Assets.xcassets */ = {isa = PBXFileReference; lastKnownFileType = folder.assetcatalog; path = Assets.xcassets; sourceTree = "<group>"; };
		6FBBCD702C44A53300A607A7 /* Base */ = {isa = PBXFileReference; lastKnownFileType = file.storyboard; name = Base; path = Base.lproj/LaunchScreen.storyboard; sourceTree = "<group>"; };
		6FBBCD722C44A53300A607A7 /* Info.plist */ = {isa = PBXFileReference; lastKnownFileType = text.plist.xml; path = Info.plist; sourceTree = "<group>"; };
		6FBBCD772C44A53300A607A7 /* App PostTests.xctest */ = {isa = PBXFileReference; explicitFileType = wrapper.cfbundle; includeInIndex = 0; path = "App PostTests.xctest"; sourceTree = BUILT_PRODUCTS_DIR; };
		6FBBCD7B2C44A53300A607A7 /* App_PostTests.swift */ = {isa = PBXFileReference; lastKnownFileType = sourcecode.swift; path = App_PostTests.swift; sourceTree = "<group>"; };
		6FBBCD812C44A53300A607A7 /* App PostUITests.xctest */ = {isa = PBXFileReference; explicitFileType = wrapper.cfbundle; includeInIndex = 0; path = "App PostUITests.xctest"; sourceTree = BUILT_PRODUCTS_DIR; };
		6FBBCD852C44A53300A607A7 /* App_PostUITests.swift */ = {isa = PBXFileReference; lastKnownFileType = sourcecode.swift; path = App_PostUITests.swift; sourceTree = "<group>"; };
		6FBBCD872C44A53300A607A7 /* App_PostUITestsLaunchTests.swift */ = {isa = PBXFileReference; lastKnownFileType = sourcecode.swift; path = App_PostUITestsLaunchTests.swift; sourceTree = "<group>"; };
/* End PBXFileReference section */

/* Begin PBXFrameworksBuildPhase section */
		6FBBCD5E2C44A53200A607A7 /* Frameworks */ = {
			isa = PBXFrameworksBuildPhase;
			buildActionMask = 2147483647;
			files = (
			);
			runOnlyForDeploymentPostprocessing = 0;
		};
		6FBBCD742C44A53300A607A7 /* Frameworks */ = {
			isa = PBXFrameworksBuildPhase;
			buildActionMask = 2147483647;
			files = (
			);
			runOnlyForDeploymentPostprocessing = 0;
		};
		6FBBCD7E2C44A53300A607A7 /* Frameworks */ = {
			isa = PBXFrameworksBuildPhase;
			buildActionMask = 2147483647;
			files = (
			);
			runOnlyForDeploymentPostprocessing = 0;
		};
/* End PBXFrameworksBuildPhase section */

/* Begin PBXGroup section */
		6FBBCD582C44A53200A607A7 = {
			isa = PBXGroup;
			children = (
				6FBBCD632C44A53200A607A7 /* App Post */,
				6FBBCD7A2C44A53300A607A7 /* App PostTests */,
				6FBBCD842C44A53300A607A7 /* App PostUITests */,
				6FBBCD622C44A53200A607A7 /* Products */,
			);
			sourceTree = "<group>";
		};
		6FBBCD622C44A53200A607A7 /* Products */ = {
			isa = PBXGroup;
			children = (
				6FBBCD612C44A53200A607A7 /* App Post.app */,
				6FBBCD772C44A53300A607A7 /* App PostTests.xctest */,
				6FBBCD812C44A53300A607A7 /* App PostUITests.xctest */,
			);
			name = Products;
			sourceTree = "<group>";
		};
		6FBBCD632C44A53200A607A7 /* App Post */ = {
			isa = PBXGroup;
			children = (
				6FBBCD642C44A53200A607A7 /* AppDelegate.swift */,
				6FBBCD662C44A53200A607A7 /* SceneDelegate.swift */,
				6FBBCD682C44A53200A607A7 /* ViewController.swift */,
				6FBBCD6A2C44A53200A607A7 /* Main.storyboard */,
				6FBBCD6D2C44A53300A607A7 /* Assets.xcassets */,
				6FBBCD6F2C44A53300A607A7 /* LaunchScreen.storyboard */,
				6FBBCD722C44A53300A607A7 /* Info.plist */,
			);
			path = "App Post";
			sourceTree = "<group>";
		};
		6FBBCD7A2C44A53300A607A7 /* App PostTests */ = {
			isa = PBXGroup;
			children = (
				6FBBCD7B2C44A53300A607A7 /* App_PostTests.swift */,
			);
			path = "App PostTests";
			sourceTree = "<group>";
		};
		6FBBCD842C44A53300A607A7 /* App PostUITests */ = {
			isa = PBXGroup;
			children = (
				6FBBCD852C44A53300A607A7 /* App_PostUITests.swift */,
				6FBBCD872C44A53300A607A7 /* App_PostUITestsLaunchTests.swift */,
			);
			path = "App PostUITests";
			sourceTree = "<group>";
		};
/* End PBXGroup section */

/* Begin PBXNativeTarget section */
		6FBBCD602C44A53200A607A7 /* App Post */ = {
			isa = PBXNativeTarget;
			buildConfigurationList = 6FBBCD8B2C44A53300A607A7 /* Build configuration list for PBXNativeTarget "App Post" */;
			buildPhases = (
				6FBBCD5D2C44A53200A607A7 /* Sources */,
				6FBBCD5E2C44A53200A607A7 /* Frameworks */,
				6FBBCD5F2C44A53200A607A7 /* Resources */,
			);
			buildRules = (
			);
			dependencies = (
			);
			name = "App Post";
			productName = "App Post";
			productReference = 6FBBCD612C44A53200A607A7 /* App Post.app */;
			productType = "com.apple.product-type.application";
		};
		6FBBCD762C44A53300A607A7 /* App PostTests */ = {
			isa = PBXNativeTarget;
			buildConfigurationList = 6FBBCD8E2C44A53300A607A7 /* Build configuration list for PBXNativeTarget "App PostTests" */;
			buildPhases = (
				6FBBCD732C44A53300A607A7 /* Sources */,
				6FBBCD742C44A53300A607A7 /* Frameworks */,
				6FBBCD752C44A53300A607A7 /* Resources */,
			);
			buildRules = (
			);
			dependencies = (
				6FBBCD792C44A53300A607A7 /* PBXTargetDependency */,
			);
			name = "App PostTests";
			productName = "App PostTests";
			productReference = 6FBBCD772C44A53300A607A7 /* App PostTests.xctest */;
			productType = "com.apple.product-type.bundle.unit-test";
		};
		6FBBCD802C44A53300A607A7 /* App PostUITests */ = {
			isa = PBXNativeTarget;
			buildConfigurationList = 6FBBCD912C44A53300A607A7 /* Build configuration list for PBXNativeTarget "App PostUITests" */;
			buildPhases = (
				6FBBCD7D2C44A53300A607A7 /* Sources */,
				6FBBCD7E2C44A53300A607A7 /* Frameworks */,
				6FBBCD7F2C44A53300A607A7 /* Resources */,
			);
			buildRules = (
			);
			dependencies = (
				6FBBCD832C44A53300A607A7 /* PBXTargetDependency */,
			);
			name = "App PostUITests";
			productName = "App PostUITests";
			productReference = 6FBBCD812C44A53300A607A7 /* App PostUITests.xctest */;
			productType = "com.apple.product-type.bundle.ui-testing";
		};
/* End PBXNativeTarget section */

/* Begin PBXProject section */
		6FBBCD592C44A53200A607A7 /* Project object */ = {
			isa = PBXProject;
			attributes = {
				BuildIndependentTargetsInParallel = 1;
				LastSwiftUpdateCheck = 1600;
				LastUpgradeCheck = 1600;
				TargetAttributes = {
					6FBBCD602C44A53200A607A7 = {
						CreatedOnToolsVersion = 16.0;
					};
					6FBBCD762C44A53300A607A7 = {
						CreatedOnToolsVersion = 16.0;
						TestTargetID = 6FBBCD602C44A53200A607A7;
					};
					6FBBCD802C44A53300A607A7 = {
						CreatedOnToolsVersion = 16.0;
						TestTargetID = 6FBBCD602C44A53200A607A7;
					};
				};
			};
			buildConfigurationList = 6FBBCD5C2C44A53200A607A7 /* Build configuration list for PBXProject "App Post" */;
			compatibilityVersion = "Xcode 15.0";
			developmentRegion = en;
			hasScannedForEncodings = 0;
			knownRegions = (
				en,
				Base,
			);
			mainGroup = 6FBBCD582C44A53200A607A7;
			productRefGroup = 6FBBCD622C44A53200A607A7 /* Products */;
			projectDirPath = "";
			projectRoot = "";
			targets = (
				6FBBCD602C44A53200A607A7 /* App Post */,
				6FBBCD762C44A53300A607A7 /* App PostTests */,
				6FBBCD802C44A53300A607A7 /* App PostUITests */,
			);
		};
/* End PBXProject section */

/* Begin PBXResourcesBuildPhase section */
		6FBBCD5F2C44A53200A607A7 /* Resources */ = {
			isa = PBXResourcesBuildPhase;
			buildActionMask = 2147483647;
			files = (
				6FBBCD6E2C44A53300A607A7 /* Assets.xcassets in Resources */,
				6FBBCD712C44A53300A607A7 /* Base in Resources */,
				6FBBCD6C2C44A53200A607A7 /* Base in Resources */,
			);
			runOnlyForDeploymentPostprocessing = 0;
		};
		6FBBCD752C44A53300A607A7 /* Resources */ = {
			isa = PBXResourcesBuildPhase;
			buildActionMask = 2147483647;
			files = (
			);
			runOnlyForDeploymentPostprocessing = 0;
		};
		6FBBCD7F2C44A53300A607A7 /* Resources */ = {
			isa = PBXResourcesBuildPhase;
			buildActionMask = 2147483647;
			files = (
			);
			runOnlyForDeploymentPostprocessing = 0;
		};
/* End PBXResourcesBuildPhase section */

/* Begin PBXSourcesBuildPhase section */
		6FBBCD5D2C44A53200A607A7 /* Sources */ = {
			isa = PBXSourcesBuildPhase;
			buildActionMask = 2147483647;
			files = (
				6FBBCD692C44A53200A607A7 /* ViewController.swift in Sources */,
				6FBBCD652C44A53200A607A7 /* AppDelegate.swift in Sources */,
				6FBBCD672C44A53200A607A7 /* SceneDelegate.swift in Sources */,
			);
			runOnlyForDeploymentPostprocessing = 0;
		};
		6FBBCD732C44A53300A607A7 /* Sources */ = {
			isa = PBXSourcesBuildPhase;
			buildActionMask = 2147483647;
			files = (
				6FBBCD7C2C44A53300A607A7 /* App_PostTests.swift in Sources */,
			);
			runOnlyForDeploymentPostprocessing = 0;
		};
		6FBBCD7D2C44A53300A607A7 /* Sources */ = {
			isa = PBXSourcesBuildPhase;
			buildActionMask = 2147483647;
			files = (
				6FBBCD882C44A53300A607A7 /* App_PostUITestsLaunchTests.swift in Sources */,
				6FBBCD862C44A53300A607A7 /* App_PostUITests.swift in Sources */,
			);
			runOnlyForDeploymentPostprocessing = 0;
		};
/* End PBXSourcesBuildPhase section */

/* Begin PBXTargetDependency section */
		6FBBCD792C44A53300A607A7 /* PBXTargetDependency */ = {
			isa = PBXTargetDependency;
			target = 6FBBCD602C44A53200A607A7 /* App Post */;
			targetProxy = 6FBBCD782C44A53300A607A7 /* PBXContainerItemProxy */;
		};
		6FBBCD832C44A53300A607A7 /* PBXTargetDependency */ = {
			isa = PBXTargetDependency;
			target = 6FBBCD602C44A53200A607A7 /* App Post */;
			targetProxy = 6FBBCD822C44A53300A607A7 /* PBXContainerItemProxy */;
		};
/* End PBXTargetDependency section */

/* Begin PBXVariantGroup section */
		6FBBCD6A2C44A53200A607A7 /* Main.storyboard */ = {
			isa = PBXVariantGroup;
			children = (
				6FBBCD6B2C44A53200A607A7 /* Base */,
			);
			name = Main.storyboard;
			sourceTree = "<group>";
		};
		6FBBCD6F2C44A53300A607A7 /* LaunchScreen.storyboard */ = {
			isa = PBXVariantGroup;
			children = (
				6FBBCD702C44A53300A607A7 /* Base */,
			);
			name = LaunchScreen.storyboard;
			sourceTree = "<group>";
		};
/* End PBXVariantGroup section */

/* Begin XCBuildConfiguration section */
		6FBBCD892C44A53300A607A7 /* Debug */ = {
			isa = XCBuildConfiguration;
			buildSettings = {
				ALWAYS_SEARCH_USER_PATHS = NO;
				ASSETCATALOG_COMPILER_GENERATE_SWIFT_ASSET_SYMBOL_EXTENSIONS = YES;
				CLANG_ANALYZER_NONNULL = YES;
				CLANG_ANALYZER_NUMBER_OBJECT_CONVERSION = YES_AGGRESSIVE;
				CLANG_CXX_LANGUAGE_STANDARD = "gnu++20";
				CLANG_ENABLE_MODULES = YES;
				CLANG_ENABLE_OBJC_ARC = YES;
				CLANG_ENABLE_OBJC_WEAK = YES;
				CLANG_WARN_BLOCK_CAPTURE_AUTORELEASING = YES;
				CLANG_WARN_BOOL_CONVERSION = YES;
				CLANG_WARN_COMMA = YES;
				CLANG_WARN_CONSTANT_CONVERSION = YES;
				CLANG_WARN_DEPRECATED_OBJC_IMPLEMENTATIONS = YES;
				CLANG_WARN_DIRECT_OBJC_ISA_USAGE = YES_ERROR;
				CLANG_WARN_DOCUMENTATION_COMMENTS = YES;
				CLANG_WARN_EMPTY_BODY = YES;
				CLANG_WARN_ENUM_CONVERSION = YES;
				CLANG_WARN_INFINITE_RECURSION = YES;
				CLANG_WARN_INT_CONVERSION = YES;
				CLANG_WARN_NON_LITERAL_NULL_CONVERSION = YES;
				CLANG_WARN_OBJC_IMPLICIT_RETAIN_SELF = YES;
				CLANG_WARN_OBJC_LITERAL_CONVERSION = YES;
				CLANG_WARN_OBJC_ROOT_CLASS = YES_ERROR;
				CLANG_WARN_QUOTED_INCLUDE_IN_FRAMEWORK_HEADER = YES;
				CLANG_WARN_RANGE_LOOP_ANALYSIS = YES;
				CLANG_WARN_STRICT_PROTOTYPES = YES;
				CLANG_WARN_SUSPICIOUS_MOVE = YES;
				CLANG_WARN_UNGUARDED_AVAILABILITY = YES_AGGRESSIVE;
				CLANG_WARN_UNREACHABLE_CODE = YES;
				CLANG_WARN__DUPLICATE_METHOD_MATCH = YES;
				COPY_PHASE_STRIP = NO;
				DEBUG_INFORMATION_FORMAT = dwarf;
				ENABLE_STRICT_OBJC_MSGSEND = YES;
				ENABLE_TESTABILITY = YES;
				ENABLE_USER_SCRIPT_SANDBOXING = YES;
				GCC_C_LANGUAGE_STANDARD = gnu17;
				GCC_DYNAMIC_NO_PIC = NO;
				GCC_NO_COMMON_BLOCKS = YES;
				GCC_OPTIMIZATION_LEVEL = 0;
				GCC_PREPROCESSOR_DEFINITIONS = (
					"DEBUG=1",
					"$(inherited)",
				);
				GCC_WARN_64_TO_32_BIT_CONVERSION = YES;
				GCC_WARN_ABOUT_RETURN_TYPE = YES_ERROR;
				GCC_WARN_UNDECLARED_SELECTOR = YES;
				GCC_WARN_UNINITIALIZED_AUTOS = YES_AGGRESSIVE;
				GCC_WARN_UNUSED_FUNCTION = YES;
				GCC_WARN_UNUSED_VARIABLE = YES;
				IPHONEOS_DEPLOYMENT_TARGET = 18.0;
				LOCALIZATION_PREFERS_STRING_CATALOGS = YES;
				MTL_ENABLE_DEBUG_INFO = INCLUDE_SOURCE;
				MTL_FAST_MATH = YES;
				ONLY_ACTIVE_ARCH = YES;
				SDKROOT = iphoneos;
				SWIFT_ACTIVE_COMPILATION_CONDITIONS = "DEBUG $(inherited)";
				SWIFT_OPTIMIZATION_LEVEL = "-Onone";
			};
			name = Debug;
		};
		6FBBCD8A2C44A53300A607A7 /* Release */ = {
			isa = XCBuildConfiguration;
			buildSettings = {
				ALWAYS_SEARCH_USER_PATHS = NO;
				ASSETCATALOG_COMPILER_GENERATE_SWIFT_ASSET_SYMBOL_EXTENSIONS = YES;
				CLANG_ANALYZER_NONNULL = YES;
				CLANG_ANALYZER_NUMBER_OBJECT_CONVERSION = YES_AGGRESSIVE;
				CLANG_CXX_LANGUAGE_STANDARD = "gnu++20";
				CLANG_ENABLE_MODULES = YES;
				CLANG_ENABLE_OBJC_ARC = YES;
				CLANG_ENABLE_OBJC_WEAK = YES;
				CLANG_WARN_BLOCK_CAPTURE_AUTORELEASING = YES;
				CLANG_WARN_BOOL_CONVERSION = YES;
				CLANG_WARN_COMMA = YES;
				CLANG_WARN_CONSTANT_CONVERSION = YES;
				CLANG_WARN_DEPRECATED_OBJC_IMPLEMENTATIONS = YES;
				CLANG_WARN_DIRECT_OBJC_ISA_USAGE = YES_ERROR;
				CLANG_WARN_DOCUMENTATION_COMMENTS = YES;
				CLANG_WARN_EMPTY_BODY = YES;
				CLANG_WARN_ENUM_CONVERSION = YES;
				CLANG_WARN_INFINITE_RECURSION = YES;
				CLANG_WARN_INT_CONVERSION = YES;
				CLANG_WARN_NON_LITERAL_NULL_CONVERSION = YES;
				CLANG_WARN_OBJC_IMPLICIT_RETAIN_SELF = YES;
				CLANG_WARN_OBJC_LITERAL_CONVERSION = YES;
				CLANG_WARN_OBJC_ROOT_CLASS = YES_ERROR;
				CLANG_WARN_QUOTED_INCLUDE_IN_FRAMEWORK_HEADER = YES;
				CLANG_WARN_RANGE_LOOP_ANALYSIS = YES;
				CLANG_WARN_STRICT_PROTOTYPES = YES;
				CLANG_WARN_SUSPICIOUS_MOVE = YES;
				CLANG_WARN_UNGUARDED_AVAILABILITY = YES_AGGRESSIVE;
				CLANG_WARN_UNREACHABLE_CODE = YES;
				CLANG_WARN__DUPLICATE_METHOD_MATCH = YES;
				COPY_PHASE_STRIP = NO;
				DEBUG_INFORMATION_FORMAT = "dwarf-with-dsym";
				ENABLE_NS_ASSERTIONS = NO;
				ENABLE_STRICT_OBJC_MSGSEND = YES;
				ENABLE_USER_SCRIPT_SANDBOXING = YES;
				GCC_C_LANGUAGE_STANDARD = gnu17;
				GCC_NO_COMMON_BLOCKS = YES;
				GCC_WARN_64_TO_32_BIT_CONVERSION = YES;
				GCC_WARN_ABOUT_RETURN_TYPE = YES_ERROR;
				GCC_WARN_UNDECLARED_SELECTOR = YES;
				GCC_WARN_UNINITIALIZED_AUTOS = YES_AGGRESSIVE;
				GCC_WARN_UNUSED_FUNCTION = YES;
				GCC_WARN_UNUSED_VARIABLE = YES;
				IPHONEOS_DEPLOYMENT_TARGET = 18.0;
				LOCALIZATION_PREFERS_STRING_CATALOGS = YES;
				MTL_ENABLE_DEBUG_INFO = NO;
				MTL_FAST_MATH = YES;
				SDKROOT = iphoneos;
				SWIFT_COMPILATION_MODE = wholemodule;
				VALIDATE_PRODUCT = YES;
			};
			name = Release;
		};
		6FBBCD8C2C44A53300A607A7 /* Debug */ = {
			isa = XCBuildConfiguration;
			buildSettings = {
				ASSETCATALOG_COMPILER_APPICON_NAME = AppIcon;
				ASSETCATALOG_COMPILER_GLOBAL_ACCENT_COLOR_NAME = AccentColor;
				CODE_SIGN_STYLE = Automatic;
				CURRENT_PROJECT_VERSION = 1;
				DEVELOPMENT_TEAM = A3UF4B4CBW;
				GENERATE_INFOPLIST_FILE = YES;
				INFOPLIST_FILE = "App Post/Info.plist";
				INFOPLIST_KEY_UIApplicationSupportsIndirectInputEvents = YES;
				INFOPLIST_KEY_UILaunchStoryboardName = LaunchScreen;
				INFOPLIST_KEY_UIMainStoryboardFile = Main;
				INFOPLIST_KEY_UISupportedInterfaceOrientations_iPad = "UIInterfaceOrientationPortrait UIInterfaceOrientationPortraitUpsideDown UIInterfaceOrientationLandscapeLeft UIInterfaceOrientationLandscapeRight";
				INFOPLIST_KEY_UISupportedInterfaceOrientations_iPhone = "UIInterfaceOrientationPortrait UIInterfaceOrientationLandscapeLeft UIInterfaceOrientationLandscapeRight";
				LD_RUNPATH_SEARCH_PATHS = (
					"$(inherited)",
					"@executable_path/Frameworks",
				);
				MARKETING_VERSION = 1.0;
				PRODUCT_BUNDLE_IDENTIFIER = "Centertek.App-Post";
				PRODUCT_NAME = "$(TARGET_NAME)";
				SWIFT_EMIT_LOC_STRINGS = YES;
				SWIFT_VERSION = 5.0;
				TARGETED_DEVICE_FAMILY = "1,2";
			};
			name = Debug;
		};
		6FBBCD8D2C44A53300A607A7 /* Release */ = {
			isa = XCBuildConfiguration;
			buildSettings = {
				ASSETCATALOG_COMPILER_APPICON_NAME = AppIcon;
				ASSETCATALOG_COMPILER_GLOBAL_ACCENT_COLOR_NAME = AccentColor;
				CODE_SIGN_STYLE = Automatic;
				CURRENT_PROJECT_VERSION = 1;
				DEVELOPMENT_TEAM = A3UF4B4CBW;
				GENERATE_INFOPLIST_FILE = YES;
				INFOPLIST_FILE = "App Post/Info.plist";
				INFOPLIST_KEY_UIApplicationSupportsIndirectInputEvents = YES;
				INFOPLIST_KEY_UILaunchStoryboardName = LaunchScreen;
				INFOPLIST_KEY_UIMainStoryboardFile = Main;
				INFOPLIST_KEY_UISupportedInterfaceOrientations_iPad = "UIInterfaceOrientationPortrait UIInterfaceOrientationPortraitUpsideDown UIInterfaceOrientationLandscapeLeft UIInterfaceOrientationLandscapeRight";
				INFOPLIST_KEY_UISupportedInterfaceOrientations_iPhone = "UIInterfaceOrientationPortrait UIInterfaceOrientationLandscapeLeft UIInterfaceOrientationLandscapeRight";
				LD_RUNPATH_SEARCH_PATHS = (
					"$(inherited)",
					"@executable_path/Frameworks",
				);
				MARKETING_VERSION = 1.0;
				PRODUCT_BUNDLE_IDENTIFIER = "Centertek.App-Post";
				PRODUCT_NAME = "$(TARGET_NAME)";
				SWIFT_EMIT_LOC_STRINGS = YES;
				SWIFT_VERSION = 5.0;
				TARGETED_DEVICE_FAMILY = "1,2";
			};
			name = Release;
		};
		6FBBCD8F2C44A53300A607A7 /* Debug */ = {
			isa = XCBuildConfiguration;
			buildSettings = {
				BUNDLE_LOADER = "$(TEST_HOST)";
				CODE_SIGN_STYLE = Automatic;
				CURRENT_PROJECT_VERSION = 1;
				DEVELOPMENT_TEAM = A3UF4B4CBW;
				GENERATE_INFOPLIST_FILE = YES;
				IPHONEOS_DEPLOYMENT_TARGET = 18.0;
				MARKETING_VERSION = 1.0;
				PRODUCT_BUNDLE_IDENTIFIER = "Centertek.App-PostTests";
				PRODUCT_NAME = "$(TARGET_NAME)";
				SWIFT_EMIT_LOC_STRINGS = NO;
				SWIFT_VERSION = 5.0;
				TARGETED_DEVICE_FAMILY = "1,2";
				TEST_HOST = "$(BUILT_PRODUCTS_DIR)/App Post.app/$(BUNDLE_EXECUTABLE_FOLDER_PATH)/App Post";
			};
			name = Debug;
		};
		6FBBCD902C44A53300A607A7 /* Release */ = {
			isa = XCBuildConfiguration;
			buildSettings = {
				BUNDLE_LOADER = "$(TEST_HOST)";
				CODE_SIGN_STYLE = Automatic;
				CURRENT_PROJECT_VERSION = 1;
				DEVELOPMENT_TEAM = A3UF4B4CBW;
				GENERATE_INFOPLIST_FILE = YES;
				IPHONEOS_DEPLOYMENT_TARGET = 18.0;
				MARKETING_VERSION = 1.0;
				PRODUCT_BUNDLE_IDENTIFIER = "Centertek.App-PostTests";
				PRODUCT_NAME = "$(TARGET_NAME)";
				SWIFT_EMIT_LOC_STRINGS = NO;
				SWIFT_VERSION = 5.0;
				TARGETED_DEVICE_FAMILY = "1,2";
				TEST_HOST = "$(BUILT_PRODUCTS_DIR)/App Post.app/$(BUNDLE_EXECUTABLE_FOLDER_PATH)/App Post";
			};
			name = Release;
		};
		6FBBCD922C44A53300A607A7 /* Debug */ = {
			isa = XCBuildConfiguration;
			buildSettings = {
				CODE_SIGN_STYLE = Automatic;
				CURRENT_PROJECT_VERSION = 1;
				DEVELOPMENT_TEAM = A3UF4B4CBW;
				GENERATE_INFOPLIST_FILE = YES;
				MARKETING_VERSION = 1.0;
				PRODUCT_BUNDLE_IDENTIFIER = "Centertek.App-PostUITests";
				PRODUCT_NAME = "$(TARGET_NAME)";
				SWIFT_EMIT_LOC_STRINGS = NO;
				SWIFT_VERSION = 5.0;
				TARGETED_DEVICE_FAMILY = "1,2";
				TEST_TARGET_NAME = "App Post";
			};
			name = Debug;
		};
		6FBBCD932C44A53300A607A7 /* Release */ = {
			isa = XCBuildConfiguration;
			buildSettings = {
				CODE_SIGN_STYLE = Automatic;
				CURRENT_PROJECT_VERSION = 1;
				DEVELOPMENT_TEAM = A3UF4B4CBW;
				GENERATE_INFOPLIST_FILE = YES;
				MARKETING_VERSION = 1.0;
				PRODUCT_BUNDLE_IDENTIFIER = "Centertek.App-PostUITests";
				PRODUCT_NAME = "$(TARGET_NAME)";
				SWIFT_EMIT_LOC_STRINGS = NO;
				SWIFT_VERSION = 5.0;
				TARGETED_DEVICE_FAMILY = "1,2";
				TEST_TARGET_NAME = "App Post";
			};
			name = Release;
		};
/* End XCBuildConfiguration section */

/* Begin XCConfigurationList section */
		6FBBCD5C2C44A53200A607A7 /* Build configuration list for PBXProject "App Post" */ = {
			isa = XCConfigurationList;
			buildConfigurations = (
				6FBBCD892C44A53300A607A7 /* Debug */,
				6FBBCD8A2C44A53300A607A7 /* Release */,
			);
			defaultConfigurationIsVisible = 0;
			defaultConfigurationName = Release;
		};
		6FBBCD8B2C44A53300A607A7 /* Build configuration list for PBXNativeTarget "App Post" */ = {
			isa = XCConfigurationList;
			buildConfigurations = (
				6FBBCD8C2C44A53300A607A7 /* Debug */,
				6FBBCD8D2C44A53300A607A7 /* Release */,
			);
			defaultConfigurationIsVisible = 0;
			defaultConfigurationName = Release;
		};
		6FBBCD8E2C44A53300A607A7 /* Build configuration list for PBXNativeTarget "App PostTests" */ = {
			isa = XCConfigurationList;
			buildConfigurations = (
				6FBBCD8F2C44A53300A607A7 /* Debug */,
				6FBBCD902C44A53300A607A7 /* Release */,
			);
			defaultConfigurationIsVisible = 0;
			defaultConfigurationName = Release;
		};
		6FBBCD912C44A53300A607A7 /* Build configuration list for PBXNativeTarget "App PostUITests" */ = {
			isa = XCConfigurationList;
			buildConfigurations = (
				6FBBCD922C44A53300A607A7 /* Debug */,
				6FBBCD932C44A53300A607A7 /* Release */,
			);
			defaultConfigurationIsVisible = 0;
			defaultConfigurationName = Release;
		};
/* End XCConfigurationList section */
	};
	rootObject = 6FBBCD592C44A53200A607A7 /* Project object */;
}
